// !$*UTF8*$!
{
	archiveVersion = 1;
	classes = {
	};
	objectVersion = 50;
	objects = {

/* Begin PBXBuildFile section */
		49CBF2E76A56C5FA282A4C08 /* Pods_Calorie.framework in Frameworks */ = {isa = PBXBuildFile; fileRef = 518802E18BFE399BB69AC278 /* Pods_Calorie.framework */; };
		4A32CB172172D06C00354F0E /* AppDelegate.swift in Sources */ = {isa = PBXBuildFile; fileRef = 4A32CB162172D06C00354F0E /* AppDelegate.swift */; };
		4A32CB192172D06C00354F0E /* MainPageController.swift in Sources */ = {isa = PBXBuildFile; fileRef = 4A32CB182172D06C00354F0E /* MainPageController.swift */; };
		4A32CB1E2172D06C00354F0E /* Main.storyboard in Resources */ = {isa = PBXBuildFile; fileRef = 4A32CB1C2172D06C00354F0E /* Main.storyboard */; };
		4A32CB202172D06D00354F0E /* Assets.xcassets in Resources */ = {isa = PBXBuildFile; fileRef = 4A32CB1F2172D06D00354F0E /* Assets.xcassets */; };
		4A32CB232172D06D00354F0E /* LaunchScreen.storyboard in Resources */ = {isa = PBXBuildFile; fileRef = 4A32CB212172D06D00354F0E /* LaunchScreen.storyboard */; };
		4A32CB2B2172DC6500354F0E /* ListController.swift in Sources */ = {isa = PBXBuildFile; fileRef = 4A32CB2A2172DC6500354F0E /* ListController.swift */; };
		4A9E69092173059700C1BBD1 /* AddPhotoController.swift in Sources */ = {isa = PBXBuildFile; fileRef = 4A9E69082173059700C1BBD1 /* AddPhotoController.swift */; };
		4A9E690F21734D1200C1BBD1 /* FoodCountsController.swift in Sources */ = {isa = PBXBuildFile; fileRef = 4A9E690E21734D1200C1BBD1 /* FoodCountsController.swift */; };
/* End PBXBuildFile section */

/* Begin PBXFileReference section */
		26630FCDF1506CD5FB215B2C /* Pods-Calorie.release.xcconfig */ = {isa = PBXFileReference; includeInIndex = 1; lastKnownFileType = text.xcconfig; name = "Pods-Calorie.release.xcconfig"; path = "Pods/Target Support Files/Pods-Calorie/Pods-Calorie.release.xcconfig"; sourceTree = "<group>"; };
		4A32CB132172D06C00354F0E /* Calorie.app */ = {isa = PBXFileReference; explicitFileType = wrapper.application; includeInIndex = 0; path = Calorie.app; sourceTree = BUILT_PRODUCTS_DIR; };
		4A32CB162172D06C00354F0E /* AppDelegate.swift */ = {isa = PBXFileReference; lastKnownFileType = sourcecode.swift; path = AppDelegate.swift; sourceTree = "<group>"; };
		4A32CB182172D06C00354F0E /* MainPageController.swift */ = {isa = PBXFileReference; lastKnownFileType = sourcecode.swift; path = MainPageController.swift; sourceTree = "<group>"; };
		4A32CB1D2172D06C00354F0E /* Base */ = {isa = PBXFileReference; lastKnownFileType = file.storyboard; name = Base; path = Base.lproj/Main.storyboard; sourceTree = "<group>"; };
		4A32CB1F2172D06D00354F0E /* Assets.xcassets */ = {isa = PBXFileReference; lastKnownFileType = folder.assetcatalog; path = Assets.xcassets; sourceTree = "<group>"; };
		4A32CB222172D06D00354F0E /* Base */ = {isa = PBXFileReference; lastKnownFileType = file.storyboard; name = Base; path = Base.lproj/LaunchScreen.storyboard; sourceTree = "<group>"; };
		4A32CB242172D06D00354F0E /* Info.plist */ = {isa = PBXFileReference; lastKnownFileType = text.plist.xml; path = Info.plist; sourceTree = "<group>"; };
		4A32CB2A2172DC6500354F0E /* ListController.swift */ = {isa = PBXFileReference; lastKnownFileType = sourcecode.swift; path = ListController.swift; sourceTree = "<group>"; };
		4A9E69082173059700C1BBD1 /* AddPhotoController.swift */ = {isa = PBXFileReference; lastKnownFileType = sourcecode.swift; path = AddPhotoController.swift; sourceTree = "<group>"; };
		4A9E690E21734D1200C1BBD1 /* FoodCountsController.swift */ = {isa = PBXFileReference; lastKnownFileType = sourcecode.swift; path = FoodCountsController.swift; sourceTree = "<group>"; };
		518802E18BFE399BB69AC278 /* Pods_Calorie.framework */ = {isa = PBXFileReference; explicitFileType = wrapper.framework; includeInIndex = 0; path = Pods_Calorie.framework; sourceTree = BUILT_PRODUCTS_DIR; };
		70365D8700C6682AEEEC3D14 /* Pods-Calorie.debug.xcconfig */ = {isa = PBXFileReference; includeInIndex = 1; lastKnownFileType = text.xcconfig; name = "Pods-Calorie.debug.xcconfig"; path = "Pods/Target Support Files/Pods-Calorie/Pods-Calorie.debug.xcconfig"; sourceTree = "<group>"; };
/* End PBXFileReference section */

/* Begin PBXFrameworksBuildPhase section */
		4A32CB102172D06C00354F0E /* Frameworks */ = {
			isa = PBXFrameworksBuildPhase;
			buildActionMask = 2147483647;
			files = (
				49CBF2E76A56C5FA282A4C08 /* Pods_Calorie.framework in Frameworks */,
			);
			runOnlyForDeploymentPostprocessing = 0;
		};
/* End PBXFrameworksBuildPhase section */

/* Begin PBXGroup section */
		18F447E2D09EB0A231057BDF /* Pods */ = {
			isa = PBXGroup;
			children = (
				70365D8700C6682AEEEC3D14 /* Pods-Calorie.debug.xcconfig */,
				26630FCDF1506CD5FB215B2C /* Pods-Calorie.release.xcconfig */,
			);
			name = Pods;
			sourceTree = "<group>";
		};
		4A32CB0A2172D06C00354F0E = {
			isa = PBXGroup;
			children = (
				4A32CB152172D06C00354F0E /* Calorie */,
				4A32CB142172D06C00354F0E /* Products */,
				18F447E2D09EB0A231057BDF /* Pods */,
				DB010823E4F7BD2F03CBDFD6 /* Frameworks */,
			);
			sourceTree = "<group>";
		};
		4A32CB142172D06C00354F0E /* Products */ = {
			isa = PBXGroup;
			children = (
				4A32CB132172D06C00354F0E /* Calorie.app */,
			);
			name = Products;
			sourceTree = "<group>";
		};
		4A32CB152172D06C00354F0E /* Calorie */ = {
			isa = PBXGroup;
			children = (
				4A9E691121734D3C00C1BBD1 /* View */,
				4A9E691021734D2500C1BBD1 /* Controller */,
				4A32CB1F2172D06D00354F0E /* Assets.xcassets */,
				4A32CB212172D06D00354F0E /* LaunchScreen.storyboard */,
				4A32CB242172D06D00354F0E /* Info.plist */,
			);
			path = Calorie;
			sourceTree = "<group>";
		};
		4A9E691021734D2500C1BBD1 /* Controller */ = {
			isa = PBXGroup;
			children = (
				4A32CB162172D06C00354F0E /* AppDelegate.swift */,
				4A9E69082173059700C1BBD1 /* AddPhotoController.swift */,
				4A32CB182172D06C00354F0E /* MainPageController.swift */,
				4A32CB2A2172DC6500354F0E /* ListController.swift */,
				4A9E690E21734D1200C1BBD1 /* FoodCountsController.swift */,
			);
			path = Controller;
			sourceTree = "<group>";
		};
		4A9E691121734D3C00C1BBD1 /* View */ = {
			isa = PBXGroup;
			children = (
				4A32CB1C2172D06C00354F0E /* Main.storyboard */,
			);
			path = View;
			sourceTree = "<group>";
		};
		DB010823E4F7BD2F03CBDFD6 /* Frameworks */ = {
			isa = PBXGroup;
			children = (
				518802E18BFE399BB69AC278 /* Pods_Calorie.framework */,
			);
			name = Frameworks;
			sourceTree = "<group>";
		};
/* End PBXGroup section */

/* Begin PBXNativeTarget section */
		4A32CB122172D06C00354F0E /* Calorie */ = {
			isa = PBXNativeTarget;
			buildConfigurationList = 4A32CB272172D06D00354F0E /* Build configuration list for PBXNativeTarget "Calorie" */;
			buildPhases = (
				CE4B03E4C91CEFFFE405AE86 /* [CP] Check Pods Manifest.lock */,
				4A32CB0F2172D06C00354F0E /* Sources */,
				4A32CB102172D06C00354F0E /* Frameworks */,
				4A32CB112172D06C00354F0E /* Resources */,
				B4DBE1A54EBD74F8F89630DA /* [CP] Embed Pods Frameworks */,
			);
			buildRules = (
			);
			dependencies = (
			);
			name = Calorie;
			productName = Calorie;
			productReference = 4A32CB132172D06C00354F0E /* Calorie.app */;
			productType = "com.apple.product-type.application";
		};
/* End PBXNativeTarget section */

/* Begin PBXProject section */
		4A32CB0B2172D06C00354F0E /* Project object */ = {
			isa = PBXProject;
			attributes = {
				LastSwiftUpdateCheck = 1000;
				LastUpgradeCheck = 1000;
				ORGANIZATIONNAME = "Jining song";
				TargetAttributes = {
					4A32CB122172D06C00354F0E = {
						CreatedOnToolsVersion = 10.0;
					};
				};
			};
			buildConfigurationList = 4A32CB0E2172D06C00354F0E /* Build configuration list for PBXProject "Calorie" */;
			compatibilityVersion = "Xcode 9.3";
			developmentRegion = en;
			hasScannedForEncodings = 0;
			knownRegions = (
				en,
				Base,
			);
			mainGroup = 4A32CB0A2172D06C00354F0E;
			productRefGroup = 4A32CB142172D06C00354F0E /* Products */;
			projectDirPath = "";
			projectRoot = "";
			targets = (
				4A32CB122172D06C00354F0E /* Calorie */,
			);
		};
/* End PBXProject section */

/* Begin PBXResourcesBuildPhase section */
		4A32CB112172D06C00354F0E /* Resources */ = {
			isa = PBXResourcesBuildPhase;
			buildActionMask = 2147483647;
			files = (
				4A32CB232172D06D00354F0E /* LaunchScreen.storyboard in Resources */,
				4A32CB202172D06D00354F0E /* Assets.xcassets in Resources */,
				4A32CB1E2172D06C00354F0E /* Main.storyboard in Resources */,
			);
			runOnlyForDeploymentPostprocessing = 0;
		};
/* End PBXResourcesBuildPhase section */

/* Begin PBXShellScriptBuildPhase section */
		B4DBE1A54EBD74F8F89630DA /* [CP] Embed Pods Frameworks */ = {
			isa = PBXShellScriptBuildPhase;
			buildActionMask = 2147483647;
			files = (
			);
			inputPaths = (
				"${SRCROOT}/Pods/Target Support Files/Pods-Calorie/Pods-Calorie-frameworks.sh",
				"${BUILT_PRODUCTS_DIR}/Alamofire/Alamofire.framework",
				"${BUILT_PRODUCTS_DIR}/MBCircularProgressBar/MBCircularProgressBar.framework",
				"${BUILT_PRODUCTS_DIR}/MDFInternationalization/MDFInternationalization.framework",
				"${BUILT_PRODUCTS_DIR}/MDFTextAccessibility/MDFTextAccessibility.framework",
				"${BUILT_PRODUCTS_DIR}/MaterialComponents/MaterialComponents.framework",
				"${BUILT_PRODUCTS_DIR}/ProgressHUD/ProgressHUD.framework",
				"${BUILT_PRODUCTS_DIR}/SwiftProgressHUD/SwiftProgressHUD.framework",
			);
			name = "[CP] Embed Pods Frameworks";
			outputPaths = (
				"${TARGET_BUILD_DIR}/${FRAMEWORKS_FOLDER_PATH}/Alamofire.framework",
				"${TARGET_BUILD_DIR}/${FRAMEWORKS_FOLDER_PATH}/MBCircularProgressBar.framework",
				"${TARGET_BUILD_DIR}/${FRAMEWORKS_FOLDER_PATH}/MDFInternationalization.framework",
				"${TARGET_BUILD_DIR}/${FRAMEWORKS_FOLDER_PATH}/MDFTextAccessibility.framework",
				"${TARGET_BUILD_DIR}/${FRAMEWORKS_FOLDER_PATH}/MaterialComponents.framework",
				"${TARGET_BUILD_DIR}/${FRAMEWORKS_FOLDER_PATH}/ProgressHUD.framework",
				"${TARGET_BUILD_DIR}/${FRAMEWORKS_FOLDER_PATH}/SwiftProgressHUD.framework",
			);
			runOnlyForDeploymentPostprocessing = 0;
			shellPath = /bin/sh;
			shellScript = "\"${SRCROOT}/Pods/Target Support Files/Pods-Calorie/Pods-Calorie-frameworks.sh\"\n";
			showEnvVarsInLog = 0;
		};
		CE4B03E4C91CEFFFE405AE86 /* [CP] Check Pods Manifest.lock */ = {
			isa = PBXShellScriptBuildPhase;
			buildActionMask = 2147483647;
			files = (
			);
			inputPaths = (
				"${PODS_PODFILE_DIR_PATH}/Podfile.lock",
				"${PODS_ROOT}/Manifest.lock",
			);
			name = "[CP] Check Pods Manifest.lock";
			outputPaths = (
				"$(DERIVED_FILE_DIR)/Pods-Calorie-checkManifestLockResult.txt",
			);
			runOnlyForDeploymentPostprocessing = 0;
			shellPath = /bin/sh;
			shellScript = "diff \"${PODS_PODFILE_DIR_PATH}/Podfile.lock\" \"${PODS_ROOT}/Manifest.lock\" > /dev/null\nif [ $? != 0 ] ; then\n    # print error to STDERR\n    echo \"error: The sandbox is not in sync with the Podfile.lock. Run 'pod install' or update your CocoaPods installation.\" >&2\n    exit 1\nfi\n# This output is used by Xcode 'outputs' to avoid re-running this script phase.\necho \"SUCCESS\" > \"${SCRIPT_OUTPUT_FILE_0}\"\n";
			showEnvVarsInLog = 0;
		};
/* End PBXShellScriptBuildPhase section */

/* Begin PBXSourcesBuildPhase section */
		4A32CB0F2172D06C00354F0E /* Sources */ = {
			isa = PBXSourcesBuildPhase;
			buildActionMask = 2147483647;
			files = (
				4A9E690F21734D1200C1BBD1 /* FoodCountsController.swift in Sources */,
				4A32CB172172D06C00354F0E /* AppDelegate.swift in Sources */,
				4A9E69092173059700C1BBD1 /* AddPhotoController.swift in Sources */,
				4A32CB192172D06C00354F0E /* MainPageController.swift in Sources */,
				4A32CB2B2172DC6500354F0E /* ListController.swift in Sources */,
			);
			runOnlyForDeploymentPostprocessing = 0;
		};
/* End PBXSourcesBuildPhase section */

/* Begin PBXVariantGroup section */
		4A32CB1C2172D06C00354F0E /* Main.storyboard */ = {
			isa = PBXVariantGroup;
			children = (
				4A32CB1D2172D06C00354F0E /* Base */,
			);
			name = Main.storyboard;
			sourceTree = "<group>";
		};
		4A32CB212172D06D00354F0E /* LaunchScreen.storyboard */ = {
			isa = PBXVariantGroup;
			children = (
				4A32CB222172D06D00354F0E /* Base */,
			);
			name = LaunchScreen.storyboard;
			sourceTree = "<group>";
		};
/* End PBXVariantGroup section */

/* Begin XCBuildConfiguration section */
		4A32CB252172D06D00354F0E /* Debug */ = {
			isa = XCBuildConfiguration;
			buildSettings = {
				ALWAYS_SEARCH_USER_PATHS = NO;
				CLANG_ANALYZER_NONNULL = YES;
				CLANG_ANALYZER_NUMBER_OBJECT_CONVERSION = YES_AGGRESSIVE;
				CLANG_CXX_LANGUAGE_STANDARD = "gnu++14";
				CLANG_CXX_LIBRARY = "libc++";
				CLANG_ENABLE_MODULES = YES;
				CLANG_ENABLE_OBJC_ARC = YES;
				CLANG_ENABLE_OBJC_WEAK = YES;
				CLANG_WARN_BLOCK_CAPTURE_AUTORELEASING = YES;
				CLANG_WARN_BOOL_CONVERSION = YES;
				CLANG_WARN_COMMA = YES;
				CLANG_WARN_CONSTANT_CONVERSION = YES;
				CLANG_WARN_DEPRECATED_OBJC_IMPLEMENTATIONS = YES;
				CLANG_WARN_DIRECT_OBJC_ISA_USAGE = YES_ERROR;
				CLANG_WARN_DOCUMENTATION_COMMENTS = YES;
				CLANG_WARN_EMPTY_BODY = YES;
				CLANG_WARN_ENUM_CONVERSION = YES;
				CLANG_WARN_INFINITE_RECURSION = YES;
				CLANG_WARN_INT_CONVERSION = YES;
				CLANG_WARN_NON_LITERAL_NULL_CONVERSION = YES;
				CLANG_WARN_OBJC_IMPLICIT_RETAIN_SELF = YES;
				CLANG_WARN_OBJC_LITERAL_CONVERSION = YES;
				CLANG_WARN_OBJC_ROOT_CLASS = YES_ERROR;
				CLANG_WARN_RANGE_LOOP_ANALYSIS = YES;
				CLANG_WARN_STRICT_PROTOTYPES = YES;
				CLANG_WARN_SUSPICIOUS_MOVE = YES;
				CLANG_WARN_UNGUARDED_AVAILABILITY = YES_AGGRESSIVE;
				CLANG_WARN_UNREACHABLE_CODE = YES;
				CLANG_WARN__DUPLICATE_METHOD_MATCH = YES;
				CODE_SIGN_IDENTITY = "iPhone Developer";
				COPY_PHASE_STRIP = NO;
				DEBUG_INFORMATION_FORMAT = dwarf;
				ENABLE_STRICT_OBJC_MSGSEND = YES;
				ENABLE_TESTABILITY = YES;
				GCC_C_LANGUAGE_STANDARD = gnu11;
				GCC_DYNAMIC_NO_PIC = NO;
				GCC_NO_COMMON_BLOCKS = YES;
				GCC_OPTIMIZATION_LEVEL = 0;
				GCC_PREPROCESSOR_DEFINITIONS = (
					"DEBUG=1",
					"$(inherited)",
				);
				GCC_WARN_64_TO_32_BIT_CONVERSION = YES;
				GCC_WARN_ABOUT_RETURN_TYPE = YES_ERROR;
				GCC_WARN_UNDECLARED_SELECTOR = YES;
				GCC_WARN_UNINITIALIZED_AUTOS = YES_AGGRESSIVE;
				GCC_WARN_UNUSED_FUNCTION = YES;
				GCC_WARN_UNUSED_VARIABLE = YES;
				IPHONEOS_DEPLOYMENT_TARGET = 12.0;
				MTL_ENABLE_DEBUG_INFO = INCLUDE_SOURCE;
				MTL_FAST_MATH = YES;
				ONLY_ACTIVE_ARCH = YES;
				SDKROOT = iphoneos;
				SWIFT_ACTIVE_COMPILATION_CONDITIONS = DEBUG;
				SWIFT_OPTIMIZATION_LEVEL = "-Onone";
			};
			name = Debug;
		};
		4A32CB262172D06D00354F0E /* Release */ = {
			isa = XCBuildConfiguration;
			buildSettings = {
				ALWAYS_SEARCH_USER_PATHS = NO;
				CLANG_ANALYZER_NONNULL = YES;
				CLANG_ANALYZER_NUMBER_OBJECT_CONVERSION = YES_AGGRESSIVE;
				CLANG_CXX_LANGUAGE_STANDARD = "gnu++14";
				CLANG_CXX_LIBRARY = "libc++";
				CLANG_ENABLE_MODULES = YES;
				CLANG_ENABLE_OBJC_ARC = YES;
				CLANG_ENABLE_OBJC_WEAK = YES;
				CLANG_WARN_BLOCK_CAPTURE_AUTORELEASING = YES;
				CLANG_WARN_BOOL_CONVERSION = YES;
				CLANG_WARN_COMMA = YES;
				CLANG_WARN_CONSTANT_CONVERSION = YES;
				CLANG_WARN_DEPRECATED_OBJC_IMPLEMENTATIONS = YES;
				CLANG_WARN_DIRECT_OBJC_ISA_USAGE = YES_ERROR;
				CLANG_WARN_DOCUMENTATION_COMMENTS = YES;
				CLANG_WARN_EMPTY_BODY = YES;
				CLANG_WARN_ENUM_CONVERSION = YES;
				CLANG_WARN_INFINITE_RECURSION = YES;
				CLANG_WARN_INT_CONVERSION = YES;
				CLANG_WARN_NON_LITERAL_NULL_CONVERSION = YES;
				CLANG_WARN_OBJC_IMPLICIT_RETAIN_SELF = YES;
				CLANG_WARN_OBJC_LITERAL_CONVERSION = YES;
				CLANG_WARN_OBJC_ROOT_CLASS = YES_ERROR;
				CLANG_WARN_RANGE_LOOP_ANALYSIS = YES;
				CLANG_WARN_STRICT_PROTOTYPES = YES;
				CLANG_WARN_SUSPICIOUS_MOVE = YES;
				CLANG_WARN_UNGUARDED_AVAILABILITY = YES_AGGRESSIVE;
				CLANG_WARN_UNREACHABLE_CODE = YES;
				CLANG_WARN__DUPLICATE_METHOD_MATCH = YES;
				CODE_SIGN_IDENTITY = "iPhone Developer";
				COPY_PHASE_STRIP = NO;
				DEBUG_INFORMATION_FORMAT = "dwarf-with-dsym";
				ENABLE_NS_ASSERTIONS = NO;
				ENABLE_STRICT_OBJC_MSGSEND = YES;
				GCC_C_LANGUAGE_STANDARD = gnu11;
				GCC_NO_COMMON_BLOCKS = YES;
				GCC_WARN_64_TO_32_BIT_CONVERSION = YES;
				GCC_WARN_ABOUT_RETURN_TYPE = YES_ERROR;
				GCC_WARN_UNDECLARED_SELECTOR = YES;
				GCC_WARN_UNINITIALIZED_AUTOS = YES_AGGRESSIVE;
				GCC_WARN_UNUSED_FUNCTION = YES;
				GCC_WARN_UNUSED_VARIABLE = YES;
				IPHONEOS_DEPLOYMENT_TARGET = 12.0;
				MTL_ENABLE_DEBUG_INFO = NO;
				MTL_FAST_MATH = YES;
				SDKROOT = iphoneos;
				SWIFT_COMPILATION_MODE = wholemodule;
				SWIFT_OPTIMIZATION_LEVEL = "-O";
				VALIDATE_PRODUCT = YES;
			};
			name = Release;
		};
		4A32CB282172D06D00354F0E /* Debug */ = {
			isa = XCBuildConfiguration;
			baseConfigurationReference = 70365D8700C6682AEEEC3D14 /* Pods-Calorie.debug.xcconfig */;
			buildSettings = {
				ASSETCATALOG_COMPILER_APPICON_NAME = AppIcon;
				CODE_SIGN_STYLE = Automatic;
				DEVELOPMENT_TEAM = 4HGX7C3426;
				INFOPLIST_FILE = Calorie/Info.plist;
				LD_RUNPATH_SEARCH_PATHS = (
					"$(inherited)",
					"@executable_path/Frameworks",
				);
				PRODUCT_BUNDLE_IDENTIFIER = com.JiningSong.Calorie;
				PRODUCT_NAME = "$(TARGET_NAME)";
				SWIFT_VERSION = 4.2;
				TARGETED_DEVICE_FAMILY = "1,2";
			};
			name = Debug;
		};
		4A32CB292172D06D00354F0E /* Release */ = {
			isa = XCBuildConfiguration;
			baseConfigurationReference = 26630FCDF1506CD5FB215B2C /* Pods-Calorie.release.xcconfig */;
			buildSettings = {
				ASSETCATALOG_COMPILER_APPICON_NAME = AppIcon;
				CODE_SIGN_STYLE = Automatic;
				DEVELOPMENT_TEAM = 4HGX7C3426;
				INFOPLIST_FILE = Calorie/Info.plist;
				LD_RUNPATH_SEARCH_PATHS = (
					"$(inherited)",
					"@executable_path/Frameworks",
				);
				PRODUCT_BUNDLE_IDENTIFIER = com.JiningSong.Calorie;
				PRODUCT_NAME = "$(TARGET_NAME)";
				SWIFT_VERSION = 4.2;
				TARGETED_DEVICE_FAMILY = "1,2";
			};
			name = Release;
		};
/* End XCBuildConfiguration section */

/* Begin XCConfigurationList section */
		4A32CB0E2172D06C00354F0E /* Build configuration list for PBXProject "Calorie" */ = {
			isa = XCConfigurationList;
			buildConfigurations = (
				4A32CB252172D06D00354F0E /* Debug */,
				4A32CB262172D06D00354F0E /* Release */,
			);
			defaultConfigurationIsVisible = 0;
			defaultConfigurationName = Release;
		};
		4A32CB272172D06D00354F0E /* Build configuration list for PBXNativeTarget "Calorie" */ = {
			isa = XCConfigurationList;
			buildConfigurations = (
				4A32CB282172D06D00354F0E /* Debug */,
				4A32CB292172D06D00354F0E /* Release */,
			);
			defaultConfigurationIsVisible = 0;
			defaultConfigurationName = Release;
		};
/* End XCConfigurationList section */
	};
	rootObject = 4A32CB0B2172D06C00354F0E /* Project object */;
}
